
Microsoft Visual Studio Solution File, Format Version 12.00
# Visual Studio Version 17
VisualStudioVersion = 17.5.002.0
MinimumVisualStudioVersion = 10.0.40219.1
Project("{9A19103F-16F7-4668-BE54-9A1E7A4F7556}") = "Web-App", "Web-App.csproj", "{ED802BEF-288C-4B75-B047-39D55ECFCCD9}"
EndProject
Global
	GlobalSection(SolutionConfigurationPlatforms) = preSolution
		Debug|Any CPU = Debug|Any CPU
		Release|Any CPU = Release|Any CPU
	EndGlobalSection
	GlobalSection(ProjectConfigurationPlatforms) = postSolution
		{ED802BEF-288C-4B75-B047-39D55ECFCCD9}.Debug|Any CPU.ActiveCfg = Debug|Any CPU
		{ED802BEF-288C-4B75-B047-39D55ECFCCD9}.Debug|Any CPU.Build.0 = Debug|Any CPU
		{ED802BEF-288C-4B75-B047-39D55ECFCCD9}.Release|Any CPU.ActiveCfg = Release|Any CPU
		{ED802BEF-288C-4B75-B047-39D55ECFCCD9}.Release|Any CPU.Build.0 = Release|Any CPU
	EndGlobalSection
	GlobalSection(SolutionProperties) = preSolution
		HideSolutionNode = FALSE
	EndGlobalSection
	GlobalSection(ExtensibilityGlobals) = postSolution
		SolutionGuid = {58E1752A-29EE-4E03-B8E9-CC8D67C4C7A3}
		SolutionGuid = {6DF10D24-9F97-4DA4-A0AD-E141631380AA}
	EndGlobalSection
EndGlobal
